
Microsoft Visual Studio Solution File, Format Version 12.00
# Visual Studio 14
VisualStudioVersion = 14.0.25123.0
MinimumVisualStudioVersion = 10.0.40219.1
Project("{FAE04EC0-301F-11D3-BF4B-00C04F79EFBC}") = "ProcessPaymentDemo", "ProcessPaymentDemo\ProcessPaymentDemo.csproj", "{F4A24642-49F8-4AD5-8150-116C1E331C2A}"
EndProject
Project("{FAE04EC0-301F-11D3-BF4B-00C04F79EFBC}") = "ProcessPaymentDemo.Tests", "ProcessPaymentDemo.Tests\ProcessPaymentDemo.Tests.csproj", "{E681434E-549A-4DEC-A98C-0A0FF576F04A}"
EndProject
Global
	GlobalSection(SolutionConfigurationPlatforms) = preSolution
		Debug|Any CPU = Debug|Any CPU
		Release|Any CPU = Release|Any CPU
	EndGlobalSection
	GlobalSection(ProjectConfigurationPlatforms) = postSolution
		{F4A24642-49F8-4AD5-8150-116C1E331C2A}.Debug|Any CPU.ActiveCfg = Debug|Any CPU
		{F4A24642-49F8-4AD5-8150-116C1E331C2A}.Debug|Any CPU.Build.0 = Debug|Any CPU
		{F4A24642-49F8-4AD5-8150-116C1E331C2A}.Release|Any CPU.ActiveCfg = Release|Any CPU
		{F4A24642-49F8-4AD5-8150-116C1E331C2A}.Release|Any CPU.Build.0 = Release|Any CPU
		{E681434E-549A-4DEC-A98C-0A0FF576F04A}.Debug|Any CPU.ActiveCfg = Debug|Any CPU
		{E681434E-549A-4DEC-A98C-0A0FF576F04A}.Release|Any CPU.ActiveCfg = Release|Any CPU
		{E681434E-549A-4DEC-A98C-0A0FF576F04A}.Release|Any CPU.Build.0 = Release|Any CPU
	EndGlobalSection
	GlobalSection(SolutionProperties) = preSolution
		HideSolutionNode = FALSE
	EndGlobalSection
EndGlobal
